
Microsoft Visual Studio Solution File, Format Version 12.00
# Visual Studio Version 17
VisualStudioVersion = 17.13.35931.197 d17.13
MinimumVisualStudioVersion = 10.0.40219.1
Project("{FAE04EC0-301F-11D3-BF4B-00C04F79EFBC}") = "examen01_ti_gamez_rodriguez", "examen01_ti_gamez_rodriguez\examen01_ti_gamez_rodriguez.csproj", "{8C576DA7-D158-4A95-808D-76E8594A972B}"
EndProject
Global
	GlobalSection(SolutionConfigurationPlatforms) = preSolution
		Debug|Any CPU = Debug|Any CPU
		Release|Any CPU = Release|Any CPU
	EndGlobalSection
	GlobalSection(ProjectConfigurationPlatforms) = postSolution
		{8C576DA7-D158-4A95-808D-76E8594A972B}.Debug|Any CPU.ActiveCfg = Debug|Any CPU
		{8C576DA7-D158-4A95-808D-76E8594A972B}.Debug|Any CPU.Build.0 = Debug|Any CPU
		{8C576DA7-D158-4A95-808D-76E8594A972B}.Release|Any CPU.ActiveCfg = Release|Any CPU
		{8C576DA7-D158-4A95-808D-76E8594A972B}.Release|Any CPU.Build.0 = Release|Any CPU
	EndGlobalSection
	GlobalSection(SolutionProperties) = preSolution
		HideSolutionNode = FALSE
	EndGlobalSection
	GlobalSection(ExtensibilityGlobals) = postSolution
		SolutionGuid = {3B59AE04-CB7F-46D8-B705-1DDED1E6DEC7}
	EndGlobalSection
EndGlobal
